
Microsoft Visual Studio Solution File, Format Version 12.00
# Visual Studio 2012
Project("{8BC9CEB8-8B4A-11D0-8D11-00A0C91BC942}") = "l4-engine", "l4-engine\l4-engine.vcxproj", "{1913B1F2-4792-4B71-BA8A-BD83AF545210}"
EndProject
Project("{8BC9CEB8-8B4A-11D0-8D11-00A0C91BC942}") = "tests", "tests\tests.vcxproj", "{38CA9FEB-C850-4623-AE31-923C751F32F8}"
EndProject
Global
	GlobalSection(SolutionConfigurationPlatforms) = preSolution
		Debug|Win32 = Debug|Win32
		Release|Win32 = Release|Win32
	EndGlobalSection
	GlobalSection(ProjectConfigurationPlatforms) = postSolution
		{1913B1F2-4792-4B71-BA8A-BD83AF545210}.Debug|Win32.ActiveCfg = Debug|Win32
		{1913B1F2-4792-4B71-BA8A-BD83AF545210}.Debug|Win32.Build.0 = Debug|Win32
		{1913B1F2-4792-4B71-BA8A-BD83AF545210}.Release|Win32.ActiveCfg = Release|Win32
		{1913B1F2-4792-4B71-BA8A-BD83AF545210}.Release|Win32.Build.0 = Release|Win32
		{38CA9FEB-C850-4623-AE31-923C751F32F8}.Debug|Win32.ActiveCfg = Debug|Win32
		{38CA9FEB-C850-4623-AE31-923C751F32F8}.Debug|Win32.Build.0 = Debug|Win32
		{38CA9FEB-C850-4623-AE31-923C751F32F8}.Release|Win32.ActiveCfg = Release|Win32
		{38CA9FEB-C850-4623-AE31-923C751F32F8}.Release|Win32.Build.0 = Release|Win32
	EndGlobalSection
	GlobalSection(SolutionProperties) = preSolution
		HideSolutionNode = FALSE
	EndGlobalSection
EndGlobal
